{
  "lockfile_version": "1",
  "packages": {
    "dotnet-sdk@6": {
      "last_modified": "2024-09-18T09:48:47Z",
      "resolved": "github:NixOS/nixpkgs/294eb5975def0caa718fca92dc5a9d656ae392a9#dotnet-sdk",
      "source": "devbox-search",
      "version": "6.0.425",
      "systems": {
        "aarch64-darwin": {
          "outputs": [
            {
              "name": "out",
              "path": "/nix/store/csixrq8xkgmvargnln6v2vf1000jhrj6-dotnet-sdk-6.0.425",
              "default": true
            }
          ],
          "store_path": "/nix/store/csixrq8xkgmvargnln6v2vf1000jhrj6-dotnet-sdk-6.0.425"
        },
        "aarch64-linux": {
          "outputs": [
            {
              "name": "out",
              "path": "/nix/store/qjd5qysgwix7p5zki0zcqmh8awqaddh5-dotnet-sdk-6.0.425",
              "default": true
            }
          ],
          "store_path": "/nix/store/qjd5qysgwix7p5zki0zcqmh8awqaddh5-dotnet-sdk-6.0.425"
        },
        "x86_64-darwin": {
          "outputs": [
            {
              "name": "out",
              "path": "/nix/store/98s9aca4v9xy0ggvyl5agx1pkb2ssx9i-dotnet-sdk-6.0.425",
              "default": true
            }
          ],
          "store_path": "/nix/store/98s9aca4v9xy0ggvyl5agx1pkb2ssx9i-dotnet-sdk-6.0.425"
        },
        "x86_64-linux": {
          "outputs": [
            {
              "name": "out",
              "path": "/nix/store/mdqi45z8lr7p45l6iws8kj3ambk564vs-dotnet-sdk-6.0.425",
              "default": true
            }
          ],
          "store_path": "/nix/store/mdqi45z8lr7p45l6iws8kj3ambk564vs-dotnet-sdk-6.0.425"
        }
      }
    },
    "dotnetPackages.Paket@5": {
      "last_modified": "2024-09-10T15:01:03Z",
      "resolved": "github:NixOS/nixpkgs/5ed627539ac84809c78b2dd6d26a5cebeb5ae269#dotnetPackages.Paket",
      "source": "devbox-search",
      "version": "5.179.1",
      "systems": {
        "aarch64-darwin": {
          "outputs": [
            {
              "name": "out",
              "path": "/nix/store/sh2y54dal162xfxyhww7rmyqsmc3j7gy-Paket-5.179.1",
              "default": true
            }
          ],
          "store_path": "/nix/store/sh2y54dal162xfxyhww7rmyqsmc3j7gy-Paket-5.179.1"
        },
        "aarch64-linux": {
          "outputs": [
            {
              "name": "out",
              "path": "/nix/store/zb8gbf2bs6d0h0bvl34cy8c8qd90dcda-Paket-5.179.1",
              "default": true
            }
          ],
          "store_path": "/nix/store/zb8gbf2bs6d0h0bvl34cy8c8qd90dcda-Paket-5.179.1"
        },
        "x86_64-darwin": {
          "outputs": [
            {
              "name": "out",
              "path": "/nix/store/d7azzl9x5nqa454zg95jlkm7l2sx7h9x-Paket-5.179.1",
              "default": true
            }
          ],
          "store_path": "/nix/store/d7azzl9x5nqa454zg95jlkm7l2sx7h9x-Paket-5.179.1"
        },
        "x86_64-linux": {
          "outputs": [
            {
              "name": "out",
              "path": "/nix/store/i7r56lspl6misrdc84akc6qqi24m8d1w-Paket-5.179.1",
              "default": true
            }
          ],
          "store_path": "/nix/store/i7r56lspl6misrdc84akc6qqi24m8d1w-Paket-5.179.1"
        }
      }
    }
  }
}
